// !$*UTF8*$!
{
	archiveVersion = 1;
	classes = {
	};
	objectVersion = 77;
	objects = {

/* Begin PBXCopyFilesBuildPhase section */
		36F1C57E2EDFED27004CBFE0 /* CopyFiles */ = {
			isa = PBXCopyFilesBuildPhase;
			buildActionMask = 2147483647;
			dstPath = /usr/share/man/man1/;
			dstSubfolderSpec = 0;
			files = (
			);
			runOnlyForDeploymentPostprocessing = 1;
		};
		36F1C5C72EDFF109004CBFE0 /* CopyFiles */ = {
			isa = PBXCopyFilesBuildPhase;
			buildActionMask = 2147483647;
			dstPath = /usr/share/man/man1/;
			dstSubfolderSpec = 0;
			files = (
			);
			runOnlyForDeploymentPostprocessing = 1;
		};
		36F1C5D92EDFFA4A004CBFE0 /* CopyFiles */ = {
			isa = PBXCopyFilesBuildPhase;
			buildActionMask = 2147483647;
			dstPath = /usr/share/man/man1/;
			dstSubfolderSpec = 0;
			files = (
			);
			runOnlyForDeploymentPostprocessing = 1;
		};
/* End PBXCopyFilesBuildPhase section */

/* Begin PBXFileReference section */
		36F1C5802EDFED27004CBFE0 /* Swift_Practice */ = {isa = PBXFileReference; explicitFileType = "compiled.mach-o.executable"; includeInIndex = 0; path = Swift_Practice; sourceTree = BUILT_PRODUCTS_DIR; };
		36F1C5C92EDFF109004CBFE0 /* Day01_variables_simpleDataTypes_stringInterpolation */ = {isa = PBXFileReference; explicitFileType = "compiled.mach-o.executable"; includeInIndex = 0; path = Day01_variables_simpleDataTypes_stringInterpolation; sourceTree = BUILT_PRODUCTS_DIR; };
		36F1C5DB2EDFFA4A004CBFE0 /* Programmers_86491 */ = {isa = PBXFileReference; explicitFileType = "compiled.mach-o.executable"; includeInIndex = 0; path = Programmers_86491; sourceTree = BUILT_PRODUCTS_DIR; };
/* End PBXFileReference section */

/* Begin PBXFileSystemSynchronizedBuildFileExceptionSet section */
		36F1C5C22EDFEF9B004CBFE0 /* Exceptions for "Swift_Practice" folder in "Swift_Practice" target */ = {
			isa = PBXFileSystemSynchronizedBuildFileExceptionSet;
			membershipExceptions = (
				main.swift,
			);
			target = 36F1C57F2EDFED27004CBFE0 /* Swift_Practice */;
		};
		36F1C5D52EDFF937004CBFE0 /* Exceptions for "HWS" folder in "Day01_variables_simpleDataTypes_stringInterpolation" target */ = {
			isa = PBXFileSystemSynchronizedBuildFileExceptionSet;
			membershipExceptions = (
				Day01_variables_simpleDataTypes_stringInterpolation/main.swift,
			);
			target = 36F1C5C82EDFF109004CBFE0 /* Day01_variables_simpleDataTypes_stringInterpolation */;
		};
		36F1C5E52EDFFA4E004CBFE0 /* Exceptions for "Algorithms" folder in "Programmers_86491" target */ = {
			isa = PBXFileSystemSynchronizedBuildFileExceptionSet;
			membershipExceptions = (
				Programmers_86491/main.swift,
			);
			target = 36F1C5DA2EDFFA4A004CBFE0 /* Programmers_86491 */;
		};
/* End PBXFileSystemSynchronizedBuildFileExceptionSet section */

/* Begin PBXFileSystemSynchronizedRootGroup section */
		36F1C5BD2EDFEF9B004CBFE0 /* Swift_Practice */ = {
			isa = PBXFileSystemSynchronizedRootGroup;
			exceptions = (
				36F1C5C22EDFEF9B004CBFE0 /* Exceptions for "Swift_Practice" folder in "Swift_Practice" target */,
			);
			path = Swift_Practice;
			sourceTree = "<group>";
		};
		36F1C5D12EDFF929004CBFE0 /* HWS */ = {
			isa = PBXFileSystemSynchronizedRootGroup;
			exceptions = (
				36F1C5D52EDFF937004CBFE0 /* Exceptions for "HWS" folder in "Day01_variables_simpleDataTypes_stringInterpolation" target */,
			);
			path = HWS;
			sourceTree = "<group>";
		};
		36F1C5D62EDFF952004CBFE0 /* Algorithms */ = {
			isa = PBXFileSystemSynchronizedRootGroup;
			exceptions = (
				36F1C5E52EDFFA4E004CBFE0 /* Exceptions for "Algorithms" folder in "Programmers_86491" target */,
			);
			path = Algorithms;
			sourceTree = "<group>";
		};
/* End PBXFileSystemSynchronizedRootGroup section */

/* Begin PBXFrameworksBuildPhase section */
		36F1C57D2EDFED27004CBFE0 /* Frameworks */ = {
			isa = PBXFrameworksBuildPhase;
			buildActionMask = 2147483647;
			files = (
			);
			runOnlyForDeploymentPostprocessing = 0;
		};
		36F1C5C62EDFF109004CBFE0 /* Frameworks */ = {
			isa = PBXFrameworksBuildPhase;
			buildActionMask = 2147483647;
			files = (
			);
			runOnlyForDeploymentPostprocessing = 0;
		};
		36F1C5D82EDFFA4A004CBFE0 /* Frameworks */ = {
			isa = PBXFrameworksBuildPhase;
			buildActionMask = 2147483647;
			files = (
			);
			runOnlyForDeploymentPostprocessing = 0;
		};
/* End PBXFrameworksBuildPhase section */

/* Begin PBXGroup section */
		36F1C5772EDFED27004CBFE0 = {
			isa = PBXGroup;
			children = (
				36F1C5D62EDFF952004CBFE0 /* Algorithms */,
				36F1C5BD2EDFEF9B004CBFE0 /* Swift_Practice */,
				36F1C5812EDFED27004CBFE0 /* Products */,
				36F1C5D12EDFF929004CBFE0 /* HWS */,
			);
			sourceTree = "<group>";
		};
		36F1C5812EDFED27004CBFE0 /* Products */ = {
			isa = PBXGroup;
			children = (
				36F1C5802EDFED27004CBFE0 /* Swift_Practice */,
				36F1C5C92EDFF109004CBFE0 /* Day01_variables_simpleDataTypes_stringInterpolation */,
				36F1C5DB2EDFFA4A004CBFE0 /* Programmers_86491 */,
			);
			name = Products;
			sourceTree = "<group>";
		};
/* End PBXGroup section */

/* Begin PBXNativeTarget section */
		36F1C57F2EDFED27004CBFE0 /* Swift_Practice */ = {
			isa = PBXNativeTarget;
			buildConfigurationList = 36F1C5872EDFED27004CBFE0 /* Build configuration list for PBXNativeTarget "Swift_Practice" */;
			buildPhases = (
				36F1C57C2EDFED27004CBFE0 /* Sources */,
				36F1C57D2EDFED27004CBFE0 /* Frameworks */,
				36F1C57E2EDFED27004CBFE0 /* CopyFiles */,
			);
			buildRules = (
			);
			dependencies = (
			);
			name = Swift_Practice;
			packageProductDependencies = (
			);
			productName = Swift_Practice;
			productReference = 36F1C5802EDFED27004CBFE0 /* Swift_Practice */;
			productType = "com.apple.product-type.tool";
		};
		36F1C5C82EDFF109004CBFE0 /* Day01_variables_simpleDataTypes_stringInterpolation */ = {
			isa = PBXNativeTarget;
			buildConfigurationList = 36F1C5CD2EDFF109004CBFE0 /* Build configuration list for PBXNativeTarget "Day01_variables_simpleDataTypes_stringInterpolation" */;
			buildPhases = (
				36F1C5C52EDFF109004CBFE0 /* Sources */,
				36F1C5C62EDFF109004CBFE0 /* Frameworks */,
				36F1C5C72EDFF109004CBFE0 /* CopyFiles */,
			);
			buildRules = (
			);
			dependencies = (
			);
			name = Day01_variables_simpleDataTypes_stringInterpolation;
			packageProductDependencies = (
			);
			productName = Day01_variables_simpleDataTypes_stringInterpolation;
			productReference = 36F1C5C92EDFF109004CBFE0 /* Day01_variables_simpleDataTypes_stringInterpolation */;
			productType = "com.apple.product-type.tool";
		};
		36F1C5DA2EDFFA4A004CBFE0 /* Programmers_86491 */ = {
			isa = PBXNativeTarget;
			buildConfigurationList = 36F1C5DF2EDFFA4A004CBFE0 /* Build configuration list for PBXNativeTarget "Programmers_86491" */;
			buildPhases = (
				36F1C5D72EDFFA4A004CBFE0 /* Sources */,
				36F1C5D82EDFFA4A004CBFE0 /* Frameworks */,
				36F1C5D92EDFFA4A004CBFE0 /* CopyFiles */,
			);
			buildRules = (
			);
			dependencies = (
			);
			name = Programmers_86491;
			packageProductDependencies = (
			);
			productName = Programmers_86491;
			productReference = 36F1C5DB2EDFFA4A004CBFE0 /* Programmers_86491 */;
			productType = "com.apple.product-type.tool";
		};
/* End PBXNativeTarget section */

/* Begin PBXProject section */
		36F1C5782EDFED27004CBFE0 /* Project object */ = {
			isa = PBXProject;
			attributes = {
				BuildIndependentTargetsInParallel = 1;
				LastSwiftUpdateCheck = 2610;
				LastUpgradeCheck = 2610;
				TargetAttributes = {
					36F1C57F2EDFED27004CBFE0 = {
						CreatedOnToolsVersion = 26.1.1;
					};
					36F1C5C82EDFF109004CBFE0 = {
						CreatedOnToolsVersion = 26.1.1;
					};
					36F1C5DA2EDFFA4A004CBFE0 = {
						CreatedOnToolsVersion = 26.1.1;
					};
				};
			};
			buildConfigurationList = 36F1C57B2EDFED27004CBFE0 /* Build configuration list for PBXProject "Swift_Practice" */;
			developmentRegion = en;
			hasScannedForEncodings = 0;
			knownRegions = (
				en,
				Base,
			);
			mainGroup = 36F1C5772EDFED27004CBFE0;
			minimizedProjectReferenceProxies = 1;
			preferredProjectObjectVersion = 77;
			productRefGroup = 36F1C5812EDFED27004CBFE0 /* Products */;
			projectDirPath = "";
			projectRoot = "";
			targets = (
				36F1C57F2EDFED27004CBFE0 /* Swift_Practice */,
				36F1C5C82EDFF109004CBFE0 /* Day01_variables_simpleDataTypes_stringInterpolation */,
				36F1C5DA2EDFFA4A004CBFE0 /* Programmers_86491 */,
			);
		};
/* End PBXProject section */

/* Begin PBXSourcesBuildPhase section */
		36F1C57C2EDFED27004CBFE0 /* Sources */ = {
			isa = PBXSourcesBuildPhase;
			buildActionMask = 2147483647;
			files = (
			);
			runOnlyForDeploymentPostprocessing = 0;
		};
		36F1C5C52EDFF109004CBFE0 /* Sources */ = {
			isa = PBXSourcesBuildPhase;
			buildActionMask = 2147483647;
			files = (
			);
			runOnlyForDeploymentPostprocessing = 0;
		};
		36F1C5D72EDFFA4A004CBFE0 /* Sources */ = {
			isa = PBXSourcesBuildPhase;
			buildActionMask = 2147483647;
			files = (
			);
			runOnlyForDeploymentPostprocessing = 0;
		};
/* End PBXSourcesBuildPhase section */

/* Begin XCBuildConfiguration section */
		36F1C5852EDFED27004CBFE0 /* Debug */ = {
			isa = XCBuildConfiguration;
			buildSettings = {
				ALWAYS_SEARCH_USER_PATHS = NO;
				ASSETCATALOG_COMPILER_GENERATE_SWIFT_ASSET_SYMBOL_EXTENSIONS = YES;
				CLANG_ANALYZER_NONNULL = YES;
				CLANG_ANALYZER_NUMBER_OBJECT_CONVERSION = YES_AGGRESSIVE;
				CLANG_CXX_LANGUAGE_STANDARD = "gnu++20";
				CLANG_ENABLE_MODULES = YES;
				CLANG_ENABLE_OBJC_ARC = YES;
				CLANG_ENABLE_OBJC_WEAK = YES;
				CLANG_WARN_BLOCK_CAPTURE_AUTORELEASING = YES;
				CLANG_WARN_BOOL_CONVERSION = YES;
				CLANG_WARN_COMMA = YES;
				CLANG_WARN_CONSTANT_CONVERSION = YES;
				CLANG_WARN_DEPRECATED_OBJC_IMPLEMENTATIONS = YES;
				CLANG_WARN_DIRECT_OBJC_ISA_USAGE = YES_ERROR;
				CLANG_WARN_DOCUMENTATION_COMMENTS = YES;
				CLANG_WARN_EMPTY_BODY = YES;
				CLANG_WARN_ENUM_CONVERSION = YES;
				CLANG_WARN_INFINITE_RECURSION = YES;
				CLANG_WARN_INT_CONVERSION = YES;
				CLANG_WARN_NON_LITERAL_NULL_CONVERSION = YES;
				CLANG_WARN_OBJC_IMPLICIT_RETAIN_SELF = YES;
				CLANG_WARN_OBJC_LITERAL_CONVERSION = YES;
				CLANG_WARN_OBJC_ROOT_CLASS = YES_ERROR;
				CLANG_WARN_QUOTED_INCLUDE_IN_FRAMEWORK_HEADER = YES;
				CLANG_WARN_RANGE_LOOP_ANALYSIS = YES;
				CLANG_WARN_STRICT_PROTOTYPES = YES;
				CLANG_WARN_SUSPICIOUS_MOVE = YES;
				CLANG_WARN_UNGUARDED_AVAILABILITY = YES_AGGRESSIVE;
				CLANG_WARN_UNREACHABLE_CODE = YES;
				CLANG_WARN__DUPLICATE_METHOD_MATCH = YES;
				COPY_PHASE_STRIP = NO;
				DEBUG_INFORMATION_FORMAT = dwarf;
				DEVELOPMENT_TEAM = YS5CDJYNXZ;
				ENABLE_STRICT_OBJC_MSGSEND = YES;
				ENABLE_TESTABILITY = YES;
				ENABLE_USER_SCRIPT_SANDBOXING = YES;
				GCC_C_LANGUAGE_STANDARD = gnu17;
				GCC_DYNAMIC_NO_PIC = NO;
				GCC_NO_COMMON_BLOCKS = YES;
				GCC_OPTIMIZATION_LEVEL = 0;
				GCC_PREPROCESSOR_DEFINITIONS = (
					"DEBUG=1",
					"$(inherited)",
				);
				GCC_WARN_64_TO_32_BIT_CONVERSION = YES;
				GCC_WARN_ABOUT_RETURN_TYPE = YES_ERROR;
				GCC_WARN_UNDECLARED_SELECTOR = YES;
				GCC_WARN_UNINITIALIZED_AUTOS = YES_AGGRESSIVE;
				GCC_WARN_UNUSED_FUNCTION = YES;
				GCC_WARN_UNUSED_VARIABLE = YES;
				LOCALIZATION_PREFERS_STRING_CATALOGS = YES;
				MACOSX_DEPLOYMENT_TARGET = 26.1;
				MTL_ENABLE_DEBUG_INFO = INCLUDE_SOURCE;
				MTL_FAST_MATH = YES;
				ONLY_ACTIVE_ARCH = YES;
				SDKROOT = macosx;
				SWIFT_ACTIVE_COMPILATION_CONDITIONS = "DEBUG $(inherited)";
				SWIFT_OPTIMIZATION_LEVEL = "-Onone";
			};
			name = Debug;
		};
		36F1C5862EDFED27004CBFE0 /* Release */ = {
			isa = XCBuildConfiguration;
			buildSettings = {
				ALWAYS_SEARCH_USER_PATHS = NO;
				ASSETCATALOG_COMPILER_GENERATE_SWIFT_ASSET_SYMBOL_EXTENSIONS = YES;
				CLANG_ANALYZER_NONNULL = YES;
				CLANG_ANALYZER_NUMBER_OBJECT_CONVERSION = YES_AGGRESSIVE;
				CLANG_CXX_LANGUAGE_STANDARD = "gnu++20";
				CLANG_ENABLE_MODULES = YES;
				CLANG_ENABLE_OBJC_ARC = YES;
				CLANG_ENABLE_OBJC_WEAK = YES;
				CLANG_WARN_BLOCK_CAPTURE_AUTORELEASING = YES;
				CLANG_WARN_BOOL_CONVERSION = YES;
				CLANG_WARN_COMMA = YES;
				CLANG_WARN_CONSTANT_CONVERSION = YES;
				CLANG_WARN_DEPRECATED_OBJC_IMPLEMENTATIONS = YES;
				CLANG_WARN_DIRECT_OBJC_ISA_USAGE = YES_ERROR;
				CLANG_WARN_DOCUMENTATION_COMMENTS = YES;
				CLANG_WARN_EMPTY_BODY = YES;
				CLANG_WARN_ENUM_CONVERSION = YES;
				CLANG_WARN_INFINITE_RECURSION = YES;
				CLANG_WARN_INT_CONVERSION = YES;
				CLANG_WARN_NON_LITERAL_NULL_CONVERSION = YES;
				CLANG_WARN_OBJC_IMPLICIT_RETAIN_SELF = YES;
				CLANG_WARN_OBJC_LITERAL_CONVERSION = YES;
				CLANG_WARN_OBJC_ROOT_CLASS = YES_ERROR;
				CLANG_WARN_QUOTED_INCLUDE_IN_FRAMEWORK_HEADER = YES;
				CLANG_WARN_RANGE_LOOP_ANALYSIS = YES;
				CLANG_WARN_STRICT_PROTOTYPES = YES;
				CLANG_WARN_SUSPICIOUS_MOVE = YES;
				CLANG_WARN_UNGUARDED_AVAILABILITY = YES_AGGRESSIVE;
				CLANG_WARN_UNREACHABLE_CODE = YES;
				CLANG_WARN__DUPLICATE_METHOD_MATCH = YES;
				COPY_PHASE_STRIP = NO;
				DEBUG_INFORMATION_FORMAT = "dwarf-with-dsym";
				DEVELOPMENT_TEAM = YS5CDJYNXZ;
				ENABLE_NS_ASSERTIONS = NO;
				ENABLE_STRICT_OBJC_MSGSEND = YES;
				ENABLE_USER_SCRIPT_SANDBOXING = YES;
				GCC_C_LANGUAGE_STANDARD = gnu17;
				GCC_NO_COMMON_BLOCKS = YES;
				GCC_WARN_64_TO_32_BIT_CONVERSION = YES;
				GCC_WARN_ABOUT_RETURN_TYPE = YES_ERROR;
				GCC_WARN_UNDECLARED_SELECTOR = YES;
				GCC_WARN_UNINITIALIZED_AUTOS = YES_AGGRESSIVE;
				GCC_WARN_UNUSED_FUNCTION = YES;
				GCC_WARN_UNUSED_VARIABLE = YES;
				LOCALIZATION_PREFERS_STRING_CATALOGS = YES;
				MACOSX_DEPLOYMENT_TARGET = 26.1;
				MTL_ENABLE_DEBUG_INFO = NO;
				MTL_FAST_MATH = YES;
				SDKROOT = macosx;
				SWIFT_COMPILATION_MODE = wholemodule;
			};
			name = Release;
		};
		36F1C5882EDFED27004CBFE0 /* Debug */ = {
			isa = XCBuildConfiguration;
			buildSettings = {
				CODE_SIGN_STYLE = Automatic;
				DEVELOPMENT_TEAM = YS5CDJYNXZ;
				ENABLE_HARDENED_RUNTIME = YES;
				PRODUCT_NAME = "$(TARGET_NAME)";
				SWIFT_APPROACHABLE_CONCURRENCY = YES;
				SWIFT_UPCOMING_FEATURE_MEMBER_IMPORT_VISIBILITY = YES;
				SWIFT_VERSION = 5.0;
			};
			name = Debug;
		};
		36F1C5892EDFED27004CBFE0 /* Release */ = {
			isa = XCBuildConfiguration;
			buildSettings = {
				CODE_SIGN_STYLE = Automatic;
				DEVELOPMENT_TEAM = YS5CDJYNXZ;
				ENABLE_HARDENED_RUNTIME = YES;
				PRODUCT_NAME = "$(TARGET_NAME)";
				SWIFT_APPROACHABLE_CONCURRENCY = YES;
				SWIFT_UPCOMING_FEATURE_MEMBER_IMPORT_VISIBILITY = YES;
				SWIFT_VERSION = 5.0;
			};
			name = Release;
		};
		36F1C5CE2EDFF109004CBFE0 /* Debug */ = {
			isa = XCBuildConfiguration;
			buildSettings = {
				CODE_SIGN_STYLE = Automatic;
				DEVELOPMENT_TEAM = YS5CDJYNXZ;
				ENABLE_HARDENED_RUNTIME = YES;
				PRODUCT_NAME = "$(TARGET_NAME)";
				SWIFT_APPROACHABLE_CONCURRENCY = YES;
				SWIFT_UPCOMING_FEATURE_MEMBER_IMPORT_VISIBILITY = YES;
				SWIFT_VERSION = 5.0;
			};
			name = Debug;
		};
		36F1C5CF2EDFF109004CBFE0 /* Release */ = {
			isa = XCBuildConfiguration;
			buildSettings = {
				CODE_SIGN_STYLE = Automatic;
				DEVELOPMENT_TEAM = YS5CDJYNXZ;
				ENABLE_HARDENED_RUNTIME = YES;
				PRODUCT_NAME = "$(TARGET_NAME)";
				SWIFT_APPROACHABLE_CONCURRENCY = YES;
				SWIFT_UPCOMING_FEATURE_MEMBER_IMPORT_VISIBILITY = YES;
				SWIFT_VERSION = 5.0;
			};
			name = Release;
		};
		36F1C5E02EDFFA4A004CBFE0 /* Debug */ = {
			isa = XCBuildConfiguration;
			buildSettings = {
				CODE_SIGN_STYLE = Automatic;
				DEVELOPMENT_TEAM = YS5CDJYNXZ;
				ENABLE_HARDENED_RUNTIME = YES;
				PRODUCT_NAME = "$(TARGET_NAME)";
				SWIFT_APPROACHABLE_CONCURRENCY = YES;
				SWIFT_UPCOMING_FEATURE_MEMBER_IMPORT_VISIBILITY = YES;
				SWIFT_VERSION = 5.0;
			};
			name = Debug;
		};
		36F1C5E12EDFFA4A004CBFE0 /* Release */ = {
			isa = XCBuildConfiguration;
			buildSettings = {
				CODE_SIGN_STYLE = Automatic;
				DEVELOPMENT_TEAM = YS5CDJYNXZ;
				ENABLE_HARDENED_RUNTIME = YES;
				PRODUCT_NAME = "$(TARGET_NAME)";
				SWIFT_APPROACHABLE_CONCURRENCY = YES;
				SWIFT_UPCOMING_FEATURE_MEMBER_IMPORT_VISIBILITY = YES;
				SWIFT_VERSION = 5.0;
			};
			name = Release;
		};
/* End XCBuildConfiguration section */

/* Begin XCConfigurationList section */
		36F1C57B2EDFED27004CBFE0 /* Build configuration list for PBXProject "Swift_Practice" */ = {
			isa = XCConfigurationList;
			buildConfigurations = (
				36F1C5852EDFED27004CBFE0 /* Debug */,
				36F1C5862EDFED27004CBFE0 /* Release */,
			);
			defaultConfigurationIsVisible = 0;
			defaultConfigurationName = Release;
		};
		36F1C5872EDFED27004CBFE0 /* Build configuration list for PBXNativeTarget "Swift_Practice" */ = {
			isa = XCConfigurationList;
			buildConfigurations = (
				36F1C5882EDFED27004CBFE0 /* Debug */,
				36F1C5892EDFED27004CBFE0 /* Release */,
			);
			defaultConfigurationIsVisible = 0;
			defaultConfigurationName = Release;
		};
		36F1C5CD2EDFF109004CBFE0 /* Build configuration list for PBXNativeTarget "Day01_variables_simpleDataTypes_stringInterpolation" */ = {
			isa = XCConfigurationList;
			buildConfigurations = (
				36F1C5CE2EDFF109004CBFE0 /* Debug */,
				36F1C5CF2EDFF109004CBFE0 /* Release */,
			);
			defaultConfigurationIsVisible = 0;
			defaultConfigurationName = Release;
		};
		36F1C5DF2EDFFA4A004CBFE0 /* Build configuration list for PBXNativeTarget "Programmers_86491" */ = {
			isa = XCConfigurationList;
			buildConfigurations = (
				36F1C5E02EDFFA4A004CBFE0 /* Debug */,
				36F1C5E12EDFFA4A004CBFE0 /* Release */,
			);
			defaultConfigurationIsVisible = 0;
			defaultConfigurationName = Release;
		};
/* End XCConfigurationList section */
	};
	rootObject = 36F1C5782EDFED27004CBFE0 /* Project object */;
}
